
Microsoft Visual Studio Solution File, Format Version 12.00
# Visual Studio Version 17
VisualStudioVersion = 17.9.34728.123
MinimumVisualStudioVersion = 10.0.40219.1
Project("{FAE04EC0-301F-11D3-BF4B-00C04F79EFBC}") = "AutoStation", "AutoStation\AutoStation.csproj", "{BE6AEE8E-86C0-4967-893C-9EC8EADEC98D}"
EndProject
Global
	GlobalSection(SolutionConfigurationPlatforms) = preSolution
		Debug|Any CPU = Debug|Any CPU
		Release|Any CPU = Release|Any CPU
	EndGlobalSection
	GlobalSection(ProjectConfigurationPlatforms) = postSolution
		{BE6AEE8E-86C0-4967-893C-9EC8EADEC98D}.Debug|Any CPU.ActiveCfg = Debug|Any CPU
		{BE6AEE8E-86C0-4967-893C-9EC8EADEC98D}.Debug|Any CPU.Build.0 = Debug|Any CPU
		{BE6AEE8E-86C0-4967-893C-9EC8EADEC98D}.Release|Any CPU.ActiveCfg = Release|Any CPU
		{BE6AEE8E-86C0-4967-893C-9EC8EADEC98D}.Release|Any CPU.Build.0 = Release|Any CPU
	EndGlobalSection
	GlobalSection(SolutionProperties) = preSolution
		HideSolutionNode = FALSE
	EndGlobalSection
	GlobalSection(ExtensibilityGlobals) = postSolution
		SolutionGuid = {A104FB45-A93C-40E5-94B4-755DE51F108F}
	EndGlobalSection
EndGlobal
